
Microsoft Visual Studio Solution File, Format Version 12.00
# Visual Studio Version 16
VisualStudioVersion = 16.0.30717.126
MinimumVisualStudioVersion = 10.0.40219.1
Project("{FAE04EC0-301F-11D3-BF4B-00C04F79EFBC}") = "AdvancedCalculatorApp", "AdvancedCalculatorApp\AdvancedCalculatorApp.csproj", "{44702B60-0E88-4861-B7EE-153B216AF5BE}"
EndProject
Global
	GlobalSection(SolutionConfigurationPlatforms) = preSolution
		Debug|Any CPU = Debug|Any CPU
		Release|Any CPU = Release|Any CPU
	EndGlobalSection
	GlobalSection(ProjectConfigurationPlatforms) = postSolution
		{44702B60-0E88-4861-B7EE-153B216AF5BE}.Debug|Any CPU.ActiveCfg = Debug|Any CPU
		{44702B60-0E88-4861-B7EE-153B216AF5BE}.Debug|Any CPU.Build.0 = Debug|Any CPU
		{44702B60-0E88-4861-B7EE-153B216AF5BE}.Release|Any CPU.ActiveCfg = Release|Any CPU
		{44702B60-0E88-4861-B7EE-153B216AF5BE}.Release|Any CPU.Build.0 = Release|Any CPU
	EndGlobalSection
	GlobalSection(SolutionProperties) = preSolution
		HideSolutionNode = FALSE
	EndGlobalSection
	GlobalSection(ExtensibilityGlobals) = postSolution
		SolutionGuid = {15886EAD-DA08-45B7-9C21-A25A011632E8}
	EndGlobalSection
EndGlobal
